
Microsoft Visual Studio Solution File, Format Version 12.00
# Visual Studio Version 17
VisualStudioVersion = 17.1.32407.343
MinimumVisualStudioVersion = 10.0.40219.1
Project("{9A19103F-16F7-4668-BE54-9A1E7A4F7556}") = "University", "University.csproj", "{A812E11C-6E91-4ACA-A037-0F595B4D3C3B}"
EndProject
Project("{9A19103F-16F7-4668-BE54-9A1E7A4F7556}") = "University.DAL", "..\University.DAL\University.DAL.csproj", "{00557483-6F46-4382-A013-0974615EE03F}"
EndProject
Project("{9A19103F-16F7-4668-BE54-9A1E7A4F7556}") = "University.BL", "..\University.BL\University.BL.csproj", "{7B7D7639-3AE5-4AC8-8BAA-C38CEC6E2A90}"
EndProject
Project("{FAE04EC0-301F-11D3-BF4B-00C04F79EFBC}") = "University.APIs", "..\University.APIs\University.APIs.csproj", "{11E20C5B-01EE-4398-94F1-97B391D819FA}"
EndProject
Global
	GlobalSection(SolutionConfigurationPlatforms) = preSolution
		Debug|Any CPU = Debug|Any CPU
		Release|Any CPU = Release|Any CPU
	EndGlobalSection
	GlobalSection(ProjectConfigurationPlatforms) = postSolution
		{A812E11C-6E91-4ACA-A037-0F595B4D3C3B}.Debug|Any CPU.ActiveCfg = Debug|Any CPU
		{A812E11C-6E91-4ACA-A037-0F595B4D3C3B}.Debug|Any CPU.Build.0 = Debug|Any CPU
		{A812E11C-6E91-4ACA-A037-0F595B4D3C3B}.Release|Any CPU.ActiveCfg = Release|Any CPU
		{A812E11C-6E91-4ACA-A037-0F595B4D3C3B}.Release|Any CPU.Build.0 = Release|Any CPU
		{00557483-6F46-4382-A013-0974615EE03F}.Debug|Any CPU.ActiveCfg = Debug|Any CPU
		{00557483-6F46-4382-A013-0974615EE03F}.Debug|Any CPU.Build.0 = Debug|Any CPU
		{00557483-6F46-4382-A013-0974615EE03F}.Release|Any CPU.ActiveCfg = Release|Any CPU
		{00557483-6F46-4382-A013-0974615EE03F}.Release|Any CPU.Build.0 = Release|Any CPU
		{7B7D7639-3AE5-4AC8-8BAA-C38CEC6E2A90}.Debug|Any CPU.ActiveCfg = Debug|Any CPU
		{7B7D7639-3AE5-4AC8-8BAA-C38CEC6E2A90}.Debug|Any CPU.Build.0 = Debug|Any CPU
		{7B7D7639-3AE5-4AC8-8BAA-C38CEC6E2A90}.Release|Any CPU.ActiveCfg = Release|Any CPU
		{7B7D7639-3AE5-4AC8-8BAA-C38CEC6E2A90}.Release|Any CPU.Build.0 = Release|Any CPU
		{11E20C5B-01EE-4398-94F1-97B391D819FA}.Debug|Any CPU.ActiveCfg = Debug|Any CPU
		{11E20C5B-01EE-4398-94F1-97B391D819FA}.Debug|Any CPU.Build.0 = Debug|Any CPU
		{11E20C5B-01EE-4398-94F1-97B391D819FA}.Release|Any CPU.ActiveCfg = Release|Any CPU
		{11E20C5B-01EE-4398-94F1-97B391D819FA}.Release|Any CPU.Build.0 = Release|Any CPU
	EndGlobalSection
	GlobalSection(SolutionProperties) = preSolution
		HideSolutionNode = FALSE
	EndGlobalSection
	GlobalSection(ExtensibilityGlobals) = postSolution
		SolutionGuid = {D0C9EEF3-F61B-4F44-BB87-94D874A95FF8}
	EndGlobalSection
EndGlobal
